
Microsoft Visual Studio Solution File, Format Version 12.00
# Visual Studio Version 16
VisualStudioVersion = 16.0.29326.143
MinimumVisualStudioVersion = 10.0.40219.1
Project("{2150E333-8FDC-42A3-9474-1A3956D46DE8}") = "DeploymentTools", "DeploymentTools", "{136F203F-9A46-4CCE-8515-D3DE3308C2BC}"
	ProjectSection(SolutionItems) = preProject
		DeploymentTools\AppSetUp.ps1 = DeploymentTools\AppSetUp.ps1
		DeploymentTools\RunDatabaseMigrater.ps1 = DeploymentTools\RunDatabaseMigrater.ps1
		DeploymentTools\SetupTools.psm1 = DeploymentTools\SetupTools.psm1
		DeploymentTools\UserRights.psm1 = DeploymentTools\UserRights.psm1
	EndProjectSection
EndProject
Project("{2150E333-8FDC-42A3-9474-1A3956D46DE8}") = "Resources", "Resources", "{5431A7C4-C1B1-4CF1-BDE8-12833FD273ED}"
	ProjectSection(SolutionItems) = preProject
		Resources\icon.ico = Resources\icon.ico
		Resources\icon.png = Resources\icon.png
		Resources\icon.svg = Resources\icon.svg
	EndProjectSection
EndProject
Project("{9A19103F-16F7-4668-BE54-9A1E7A4F7556}") = "GameDeals.Api2", "GameDeals.Api2\GameDeals.Api2.csproj", "{0CAC515E-AEF5-46E6-8260-F13B016CFF8C}"
EndProject
Project("{9A19103F-16F7-4668-BE54-9A1E7A4F7556}") = "GameDeals.Core2", "GameDeals.Core2\GameDeals.Core2.csproj", "{BE1A7673-3A50-41DF-B692-0FFD7EC4FEB7}"
EndProject
Project("{9A19103F-16F7-4668-BE54-9A1E7A4F7556}") = "GameDeals.Data.Contracts2", "GameDeals.Data.Contracts2\GameDeals.Data.Contracts2.csproj", "{B638B5EA-FFCC-440D-B500-946F9D2DE276}"
EndProject
Project("{9A19103F-16F7-4668-BE54-9A1E7A4F7556}") = "GameDeals.Services2", "GameDeals.Services2\GameDeals.Services2.csproj", "{CED8C391-8B2B-4D43-8326-80666DB2E9B5}"
EndProject
Project("{9A19103F-16F7-4668-BE54-9A1E7A4F7556}") = "GameDeals.Mapper2", "GameDeals.Mapper2\GameDeals.Mapper2.csproj", "{E8DF4FC2-6A01-49D8-BECB-3B24E66AC8E8}"
EndProject
Project("{9A19103F-16F7-4668-BE54-9A1E7A4F7556}") = "GameDeals.Updater2", "GameDeals.Updater2\GameDeals.Updater2.csproj", "{9DD1E6B5-8D82-478D-A220-DD4B65650D91}"
EndProject
Project("{9A19103F-16F7-4668-BE54-9A1E7A4F7556}") = "GameDeals.Data2", "GameDeals.Data2\GameDeals.Data2.csproj", "{9F2745A7-2907-4906-9A64-F4353399352F}"
EndProject
Project("{9A19103F-16F7-4668-BE54-9A1E7A4F7556}") = "DatabaseMigrater2", "DatabaseMigrater2\DatabaseMigrater2.csproj", "{B6D169B9-5907-4B69-B687-8D3ECBB05774}"
EndProject
Global
	GlobalSection(SolutionConfigurationPlatforms) = preSolution
		Debug|Any CPU = Debug|Any CPU
		Release|Any CPU = Release|Any CPU
	EndGlobalSection
	GlobalSection(ProjectConfigurationPlatforms) = postSolution
		{0CAC515E-AEF5-46E6-8260-F13B016CFF8C}.Debug|Any CPU.ActiveCfg = Debug|Any CPU
		{0CAC515E-AEF5-46E6-8260-F13B016CFF8C}.Debug|Any CPU.Build.0 = Debug|Any CPU
		{0CAC515E-AEF5-46E6-8260-F13B016CFF8C}.Release|Any CPU.ActiveCfg = Release|Any CPU
		{0CAC515E-AEF5-46E6-8260-F13B016CFF8C}.Release|Any CPU.Build.0 = Release|Any CPU
		{BE1A7673-3A50-41DF-B692-0FFD7EC4FEB7}.Debug|Any CPU.ActiveCfg = Debug|Any CPU
		{BE1A7673-3A50-41DF-B692-0FFD7EC4FEB7}.Debug|Any CPU.Build.0 = Debug|Any CPU
		{BE1A7673-3A50-41DF-B692-0FFD7EC4FEB7}.Release|Any CPU.ActiveCfg = Release|Any CPU
		{BE1A7673-3A50-41DF-B692-0FFD7EC4FEB7}.Release|Any CPU.Build.0 = Release|Any CPU
		{B638B5EA-FFCC-440D-B500-946F9D2DE276}.Debug|Any CPU.ActiveCfg = Debug|Any CPU
		{B638B5EA-FFCC-440D-B500-946F9D2DE276}.Debug|Any CPU.Build.0 = Debug|Any CPU
		{B638B5EA-FFCC-440D-B500-946F9D2DE276}.Release|Any CPU.ActiveCfg = Release|Any CPU
		{B638B5EA-FFCC-440D-B500-946F9D2DE276}.Release|Any CPU.Build.0 = Release|Any CPU
		{CED8C391-8B2B-4D43-8326-80666DB2E9B5}.Debug|Any CPU.ActiveCfg = Debug|Any CPU
		{CED8C391-8B2B-4D43-8326-80666DB2E9B5}.Debug|Any CPU.Build.0 = Debug|Any CPU
		{CED8C391-8B2B-4D43-8326-80666DB2E9B5}.Release|Any CPU.ActiveCfg = Release|Any CPU
		{CED8C391-8B2B-4D43-8326-80666DB2E9B5}.Release|Any CPU.Build.0 = Release|Any CPU
		{E8DF4FC2-6A01-49D8-BECB-3B24E66AC8E8}.Debug|Any CPU.ActiveCfg = Debug|Any CPU
		{E8DF4FC2-6A01-49D8-BECB-3B24E66AC8E8}.Debug|Any CPU.Build.0 = Debug|Any CPU
		{E8DF4FC2-6A01-49D8-BECB-3B24E66AC8E8}.Release|Any CPU.ActiveCfg = Release|Any CPU
		{E8DF4FC2-6A01-49D8-BECB-3B24E66AC8E8}.Release|Any CPU.Build.0 = Release|Any CPU
		{9DD1E6B5-8D82-478D-A220-DD4B65650D91}.Debug|Any CPU.ActiveCfg = Debug|Any CPU
		{9DD1E6B5-8D82-478D-A220-DD4B65650D91}.Debug|Any CPU.Build.0 = Debug|Any CPU
		{9DD1E6B5-8D82-478D-A220-DD4B65650D91}.Release|Any CPU.ActiveCfg = Release|Any CPU
		{9DD1E6B5-8D82-478D-A220-DD4B65650D91}.Release|Any CPU.Build.0 = Release|Any CPU
		{9F2745A7-2907-4906-9A64-F4353399352F}.Debug|Any CPU.ActiveCfg = Debug|Any CPU
		{9F2745A7-2907-4906-9A64-F4353399352F}.Debug|Any CPU.Build.0 = Debug|Any CPU
		{9F2745A7-2907-4906-9A64-F4353399352F}.Release|Any CPU.ActiveCfg = Release|Any CPU
		{9F2745A7-2907-4906-9A64-F4353399352F}.Release|Any CPU.Build.0 = Release|Any CPU
		{B6D169B9-5907-4B69-B687-8D3ECBB05774}.Debug|Any CPU.ActiveCfg = Debug|Any CPU
		{B6D169B9-5907-4B69-B687-8D3ECBB05774}.Debug|Any CPU.Build.0 = Debug|Any CPU
		{B6D169B9-5907-4B69-B687-8D3ECBB05774}.Release|Any CPU.ActiveCfg = Release|Any CPU
		{B6D169B9-5907-4B69-B687-8D3ECBB05774}.Release|Any CPU.Build.0 = Release|Any CPU
	EndGlobalSection
	GlobalSection(SolutionProperties) = preSolution
		HideSolutionNode = FALSE
	EndGlobalSection
	GlobalSection(ExtensibilityGlobals) = postSolution
		SolutionGuid = {6A567830-9E8A-49A3-B72E-7CEBA13BE7B8}
	EndGlobalSection
EndGlobal
