
Microsoft Visual Studio Solution File, Format Version 12.00
# Visual Studio Version 16
VisualStudioVersion = 16.0.29326.143
MinimumVisualStudioVersion = 10.0.40219.1
Project("{2150E333-8FDC-42A3-9474-1A3956D46DE8}") = "DeploymentTools", "DeploymentTools", "{136F203F-9A46-4CCE-8515-D3DE3308C2BC}"
	ProjectSection(SolutionItems) = preProject
		DeploymentTools\AppSetUp.ps1 = DeploymentTools\AppSetUp.ps1
		DeploymentTools\RunDatabaseMigrater.ps1 = DeploymentTools\RunDatabaseMigrater.ps1
		DeploymentTools\SetupTools.psm1 = DeploymentTools\SetupTools.psm1
		DeploymentTools\UserRights.psm1 = DeploymentTools\UserRights.psm1
	EndProjectSection
EndProject
Project("{2150E333-8FDC-42A3-9474-1A3956D46DE8}") = "Resources", "Resources", "{5431A7C4-C1B1-4CF1-BDE8-12833FD273ED}"
	ProjectSection(SolutionItems) = preProject
		Resources\icon.ico = Resources\icon.ico
		Resources\icon.png = Resources\icon.png
		Resources\icon.svg = Resources\icon.svg
	EndProjectSection
EndProject
Project("{9A19103F-16F7-4668-BE54-9A1E7A4F7556}") = "DatabaseMigrater", "DatabaseMigrater\DatabaseMigrater.csproj", "{A48CB917-7452-48FD-BF4F-47BCC83B6DA1}"
EndProject
Project("{9A19103F-16F7-4668-BE54-9A1E7A4F7556}") = "GameDeals.Api", "GameDeals.Api\GameDeals.Api.csproj", "{173C9FC0-05CB-4D8E-BBB0-40E09387BABC}"
EndProject
Project("{9A19103F-16F7-4668-BE54-9A1E7A4F7556}") = "GameDeals.Core", "GameDeals.Core\GameDeals.Core.csproj", "{920EA242-1619-476C-8086-8CD1F623CF05}"
EndProject
Project("{9A19103F-16F7-4668-BE54-9A1E7A4F7556}") = "GameDeals.Data", "GameDeals.Data\GameDeals.Data.csproj", "{41984922-A6CA-4736-8B9E-AF3EF21D5044}"
EndProject
Project("{9A19103F-16F7-4668-BE54-9A1E7A4F7556}") = "GameDeals.Data.Contracts", "GameDeals.Data.Contracts\GameDeals.Data.Contracts.csproj", "{82F4AA94-B72F-4A67-A9A5-BFE6115B4A47}"
EndProject
Project("{9A19103F-16F7-4668-BE54-9A1E7A4F7556}") = "GameDeals.Mapper", "GameDeals.Mapper\GameDeals.Mapper.csproj", "{4FF64233-3806-43D4-9654-D06A0C8E4FFB}"
EndProject
Project("{9A19103F-16F7-4668-BE54-9A1E7A4F7556}") = "GameDeals.Services", "GameDeals.Services\GameDeals.Services.csproj", "{1A4F2F69-5327-40C8-9810-CE6CD8A85A40}"
EndProject
Project("{9A19103F-16F7-4668-BE54-9A1E7A4F7556}") = "GameDeals.Updater", "GameDeals.Updater\GameDeals.Updater.csproj", "{9C42CCB6-E6DB-4489-8856-EAD57189B956}"
EndProject
Global
	GlobalSection(SolutionConfigurationPlatforms) = preSolution
		Debug|Any CPU = Debug|Any CPU
		Release|Any CPU = Release|Any CPU
	EndGlobalSection
	GlobalSection(ProjectConfigurationPlatforms) = postSolution
		{A48CB917-7452-48FD-BF4F-47BCC83B6DA1}.Debug|Any CPU.ActiveCfg = Debug|Any CPU
		{A48CB917-7452-48FD-BF4F-47BCC83B6DA1}.Debug|Any CPU.Build.0 = Debug|Any CPU
		{A48CB917-7452-48FD-BF4F-47BCC83B6DA1}.Release|Any CPU.ActiveCfg = Release|Any CPU
		{A48CB917-7452-48FD-BF4F-47BCC83B6DA1}.Release|Any CPU.Build.0 = Release|Any CPU
		{173C9FC0-05CB-4D8E-BBB0-40E09387BABC}.Debug|Any CPU.ActiveCfg = Debug|Any CPU
		{173C9FC0-05CB-4D8E-BBB0-40E09387BABC}.Debug|Any CPU.Build.0 = Debug|Any CPU
		{173C9FC0-05CB-4D8E-BBB0-40E09387BABC}.Release|Any CPU.ActiveCfg = Release|Any CPU
		{173C9FC0-05CB-4D8E-BBB0-40E09387BABC}.Release|Any CPU.Build.0 = Release|Any CPU
		{920EA242-1619-476C-8086-8CD1F623CF05}.Debug|Any CPU.ActiveCfg = Debug|Any CPU
		{920EA242-1619-476C-8086-8CD1F623CF05}.Debug|Any CPU.Build.0 = Debug|Any CPU
		{920EA242-1619-476C-8086-8CD1F623CF05}.Release|Any CPU.ActiveCfg = Release|Any CPU
		{920EA242-1619-476C-8086-8CD1F623CF05}.Release|Any CPU.Build.0 = Release|Any CPU
		{41984922-A6CA-4736-8B9E-AF3EF21D5044}.Debug|Any CPU.ActiveCfg = Debug|Any CPU
		{41984922-A6CA-4736-8B9E-AF3EF21D5044}.Debug|Any CPU.Build.0 = Debug|Any CPU
		{41984922-A6CA-4736-8B9E-AF3EF21D5044}.Release|Any CPU.ActiveCfg = Release|Any CPU
		{41984922-A6CA-4736-8B9E-AF3EF21D5044}.Release|Any CPU.Build.0 = Release|Any CPU
		{82F4AA94-B72F-4A67-A9A5-BFE6115B4A47}.Debug|Any CPU.ActiveCfg = Debug|Any CPU
		{82F4AA94-B72F-4A67-A9A5-BFE6115B4A47}.Debug|Any CPU.Build.0 = Debug|Any CPU
		{82F4AA94-B72F-4A67-A9A5-BFE6115B4A47}.Release|Any CPU.ActiveCfg = Release|Any CPU
		{82F4AA94-B72F-4A67-A9A5-BFE6115B4A47}.Release|Any CPU.Build.0 = Release|Any CPU
		{4FF64233-3806-43D4-9654-D06A0C8E4FFB}.Debug|Any CPU.ActiveCfg = Debug|Any CPU
		{4FF64233-3806-43D4-9654-D06A0C8E4FFB}.Debug|Any CPU.Build.0 = Debug|Any CPU
		{4FF64233-3806-43D4-9654-D06A0C8E4FFB}.Release|Any CPU.ActiveCfg = Release|Any CPU
		{4FF64233-3806-43D4-9654-D06A0C8E4FFB}.Release|Any CPU.Build.0 = Release|Any CPU
		{1A4F2F69-5327-40C8-9810-CE6CD8A85A40}.Debug|Any CPU.ActiveCfg = Debug|Any CPU
		{1A4F2F69-5327-40C8-9810-CE6CD8A85A40}.Debug|Any CPU.Build.0 = Debug|Any CPU
		{1A4F2F69-5327-40C8-9810-CE6CD8A85A40}.Release|Any CPU.ActiveCfg = Release|Any CPU
		{1A4F2F69-5327-40C8-9810-CE6CD8A85A40}.Release|Any CPU.Build.0 = Release|Any CPU
		{9C42CCB6-E6DB-4489-8856-EAD57189B956}.Debug|Any CPU.ActiveCfg = Debug|Any CPU
		{9C42CCB6-E6DB-4489-8856-EAD57189B956}.Debug|Any CPU.Build.0 = Debug|Any CPU
		{9C42CCB6-E6DB-4489-8856-EAD57189B956}.Release|Any CPU.ActiveCfg = Release|Any CPU
		{9C42CCB6-E6DB-4489-8856-EAD57189B956}.Release|Any CPU.Build.0 = Release|Any CPU
	EndGlobalSection
	GlobalSection(SolutionProperties) = preSolution
		HideSolutionNode = FALSE
	EndGlobalSection
	GlobalSection(ExtensibilityGlobals) = postSolution
		SolutionGuid = {6A567830-9E8A-49A3-B72E-7CEBA13BE7B8}
	EndGlobalSection
EndGlobal
