
Microsoft Visual Studio Solution File, Format Version 12.00
# Visual Studio 15
VisualStudioVersion = 15.0.28010.2048
MinimumVisualStudioVersion = 10.0.40219.1
Project("{FAE04EC0-301F-11D3-BF4B-00C04F79EFBC}") = "GameDeals", "GameDeals\GameDeals.csproj", "{BDD24F3C-C771-45AD-966B-CF46DE53FCCD}"
EndProject
Project("{FAE04EC0-301F-11D3-BF4B-00C04F79EFBC}") = "GameDeals.Core", "GameDeals.Core\GameDeals.Core.csproj", "{A1EFE4AB-20F5-4D31-BEAF-FE8168EE4419}"
EndProject
Project("{FAE04EC0-301F-11D3-BF4B-00C04F79EFBC}") = "GameDeals.Services", "GameDeals.Services\GameDeals.Services.csproj", "{B305EE86-4180-4DCD-B30F-3E35D1C76F57}"
EndProject
Project("{FAE04EC0-301F-11D3-BF4B-00C04F79EFBC}") = "GameDeals.Data.Contracts", "GameDeals.Data.Contracts\GameDeals.Data.Contracts.csproj", "{A535D805-AEAD-49DB-A374-CDDB6B1A0FA2}"
EndProject
Project("{FAE04EC0-301F-11D3-BF4B-00C04F79EFBC}") = "GameDeals.Data", "GameDeals.Data\GameDeals.Data.csproj", "{6EBFD689-FA41-4D10-BB10-0908C684BA99}"
EndProject
Project("{FAE04EC0-301F-11D3-BF4B-00C04F79EFBC}") = "DatabaseMigrater", "DatabaseMigrater\DatabaseMigrater.csproj", "{AE189305-84C3-4970-A240-782F3ABF11DB}"
EndProject
Project("{FAE04EC0-301F-11D3-BF4B-00C04F79EFBC}") = "GameDeals.Mapper", "GameDeals.Mapper\GameDeals.Mapper.csproj", "{5593C908-88FB-4518-9DCF-8FBAF0355FB1}"
EndProject
Project("{FAE04EC0-301F-11D3-BF4B-00C04F79EFBC}") = "GameDeals.Updater", "GameDeals.Updater\GameDeals.Updater.csproj", "{5CEC2411-9E86-432B-912A-79149BF300E0}"
EndProject
Project("{2150E333-8FDC-42A3-9474-1A3956D46DE8}") = "DeploymentTools", "DeploymentTools", "{136F203F-9A46-4CCE-8515-D3DE3308C2BC}"
	ProjectSection(SolutionItems) = preProject
		DeploymentTools\AppSetUp.ps1 = DeploymentTools\AppSetUp.ps1
		DeploymentTools\RunDatabaseMigrater.ps1 = DeploymentTools\RunDatabaseMigrater.ps1
		DeploymentTools\SetupTools.psm1 = DeploymentTools\SetupTools.psm1
		DeploymentTools\UserRights.psm1 = DeploymentTools\UserRights.psm1
	EndProjectSection
EndProject
Global
	GlobalSection(SolutionConfigurationPlatforms) = preSolution
		Debug|Any CPU = Debug|Any CPU
		Release|Any CPU = Release|Any CPU
	EndGlobalSection
	GlobalSection(ProjectConfigurationPlatforms) = postSolution
		{BDD24F3C-C771-45AD-966B-CF46DE53FCCD}.Debug|Any CPU.ActiveCfg = Debug|Any CPU
		{BDD24F3C-C771-45AD-966B-CF46DE53FCCD}.Debug|Any CPU.Build.0 = Debug|Any CPU
		{BDD24F3C-C771-45AD-966B-CF46DE53FCCD}.Release|Any CPU.ActiveCfg = Release|Any CPU
		{BDD24F3C-C771-45AD-966B-CF46DE53FCCD}.Release|Any CPU.Build.0 = Release|Any CPU
		{A1EFE4AB-20F5-4D31-BEAF-FE8168EE4419}.Debug|Any CPU.ActiveCfg = Debug|Any CPU
		{A1EFE4AB-20F5-4D31-BEAF-FE8168EE4419}.Debug|Any CPU.Build.0 = Debug|Any CPU
		{A1EFE4AB-20F5-4D31-BEAF-FE8168EE4419}.Release|Any CPU.ActiveCfg = Release|Any CPU
		{A1EFE4AB-20F5-4D31-BEAF-FE8168EE4419}.Release|Any CPU.Build.0 = Release|Any CPU
		{B305EE86-4180-4DCD-B30F-3E35D1C76F57}.Debug|Any CPU.ActiveCfg = Debug|Any CPU
		{B305EE86-4180-4DCD-B30F-3E35D1C76F57}.Debug|Any CPU.Build.0 = Debug|Any CPU
		{B305EE86-4180-4DCD-B30F-3E35D1C76F57}.Release|Any CPU.ActiveCfg = Release|Any CPU
		{B305EE86-4180-4DCD-B30F-3E35D1C76F57}.Release|Any CPU.Build.0 = Release|Any CPU
		{A535D805-AEAD-49DB-A374-CDDB6B1A0FA2}.Debug|Any CPU.ActiveCfg = Debug|Any CPU
		{A535D805-AEAD-49DB-A374-CDDB6B1A0FA2}.Debug|Any CPU.Build.0 = Debug|Any CPU
		{A535D805-AEAD-49DB-A374-CDDB6B1A0FA2}.Release|Any CPU.ActiveCfg = Release|Any CPU
		{A535D805-AEAD-49DB-A374-CDDB6B1A0FA2}.Release|Any CPU.Build.0 = Release|Any CPU
		{6EBFD689-FA41-4D10-BB10-0908C684BA99}.Debug|Any CPU.ActiveCfg = Debug|Any CPU
		{6EBFD689-FA41-4D10-BB10-0908C684BA99}.Debug|Any CPU.Build.0 = Debug|Any CPU
		{6EBFD689-FA41-4D10-BB10-0908C684BA99}.Release|Any CPU.ActiveCfg = Release|Any CPU
		{6EBFD689-FA41-4D10-BB10-0908C684BA99}.Release|Any CPU.Build.0 = Release|Any CPU
		{AE189305-84C3-4970-A240-782F3ABF11DB}.Debug|Any CPU.ActiveCfg = Debug|Any CPU
		{AE189305-84C3-4970-A240-782F3ABF11DB}.Debug|Any CPU.Build.0 = Debug|Any CPU
		{AE189305-84C3-4970-A240-782F3ABF11DB}.Release|Any CPU.ActiveCfg = Release|Any CPU
		{AE189305-84C3-4970-A240-782F3ABF11DB}.Release|Any CPU.Build.0 = Release|Any CPU
		{5593C908-88FB-4518-9DCF-8FBAF0355FB1}.Debug|Any CPU.ActiveCfg = Debug|Any CPU
		{5593C908-88FB-4518-9DCF-8FBAF0355FB1}.Debug|Any CPU.Build.0 = Debug|Any CPU
		{5593C908-88FB-4518-9DCF-8FBAF0355FB1}.Release|Any CPU.ActiveCfg = Release|Any CPU
		{5593C908-88FB-4518-9DCF-8FBAF0355FB1}.Release|Any CPU.Build.0 = Release|Any CPU
		{5CEC2411-9E86-432B-912A-79149BF300E0}.Debug|Any CPU.ActiveCfg = Debug|Any CPU
		{5CEC2411-9E86-432B-912A-79149BF300E0}.Debug|Any CPU.Build.0 = Debug|Any CPU
		{5CEC2411-9E86-432B-912A-79149BF300E0}.Release|Any CPU.ActiveCfg = Release|Any CPU
		{5CEC2411-9E86-432B-912A-79149BF300E0}.Release|Any CPU.Build.0 = Release|Any CPU
	EndGlobalSection
	GlobalSection(SolutionProperties) = preSolution
		HideSolutionNode = FALSE
	EndGlobalSection
	GlobalSection(ExtensibilityGlobals) = postSolution
		SolutionGuid = {6A567830-9E8A-49A3-B72E-7CEBA13BE7B8}
	EndGlobalSection
EndGlobal
